
Microsoft Visual Studio Solution File, Format Version 12.00
# Visual Studio Version 17
VisualStudioVersion = 17.10.35122.118
MinimumVisualStudioVersion = 10.0.40219.1
Project("{FAE04EC0-301F-11D3-BF4B-00C04F79EFBC}") = "BlazorAuthPostgres", "BlazorAuthPostgres\BlazorAuthPostgres\BlazorAuthPostgres.csproj", "{0C2D8129-D12B-43AE-849D-F89BFC75E3B0}"
EndProject
Project("{FAE04EC0-301F-11D3-BF4B-00C04F79EFBC}") = "BlazorAuthPostgres.Client", "BlazorAuthPostgres\BlazorAuthPostgres.Client\BlazorAuthPostgres.Client.csproj", "{D8BE23D7-FCEF-4A0C-A7D2-D9EDA19DB9C5}"
EndProject
Global
	GlobalSection(SolutionConfigurationPlatforms) = preSolution
		Debug|Any CPU = Debug|Any CPU
		Release|Any CPU = Release|Any CPU
	EndGlobalSection
	GlobalSection(ProjectConfigurationPlatforms) = postSolution
		{0C2D8129-D12B-43AE-849D-F89BFC75E3B0}.Debug|Any CPU.ActiveCfg = Debug|Any CPU
		{0C2D8129-D12B-43AE-849D-F89BFC75E3B0}.Debug|Any CPU.Build.0 = Debug|Any CPU
		{0C2D8129-D12B-43AE-849D-F89BFC75E3B0}.Release|Any CPU.ActiveCfg = Release|Any CPU
		{0C2D8129-D12B-43AE-849D-F89BFC75E3B0}.Release|Any CPU.Build.0 = Release|Any CPU
		{D8BE23D7-FCEF-4A0C-A7D2-D9EDA19DB9C5}.Debug|Any CPU.ActiveCfg = Debug|Any CPU
		{D8BE23D7-FCEF-4A0C-A7D2-D9EDA19DB9C5}.Debug|Any CPU.Build.0 = Debug|Any CPU
		{D8BE23D7-FCEF-4A0C-A7D2-D9EDA19DB9C5}.Release|Any CPU.ActiveCfg = Release|Any CPU
		{D8BE23D7-FCEF-4A0C-A7D2-D9EDA19DB9C5}.Release|Any CPU.Build.0 = Release|Any CPU
	EndGlobalSection
	GlobalSection(SolutionProperties) = preSolution
		HideSolutionNode = FALSE
	EndGlobalSection
	GlobalSection(ExtensibilityGlobals) = postSolution
		SolutionGuid = {5AA30DF2-55F1-47D1-B80F-6D8F7801958F}
	EndGlobalSection
EndGlobal
